{
  "name": "pics",
  "version": "0.1.0",
  "lockfileVersion": 1,
  "requires": true,
  "dependencies": {
    "confusing-browser-globals": {
      "version": "1.0.5",
      "resolved": "https://registry.npmjs.org/confusing-browser-globals/-/confusing-browser-globals-1.0.5.tgz",
      "integrity": "sha512-tHo1tQL/9Ox5RELbkCAJhnViqWlzBz3MG1bB2czbHjH2mWd4aYUgNCNLfysFL7c4LoDws7pjg2tj48Gmpw4QHA=="
    },
    "eslint-config-react-app": {
      "version": "3.0.6",
      "resolved": "https://registry.npmjs.org/eslint-config-react-app/-/eslint-config-react-app-3.0.6.tgz",
      "integrity": "sha512-VL5rA1EBZv7f9toc9x71or7nr4jRmwCH4V9JKB9DFVaTLOLI9+vjWLgQLjMu3xR9iUT80dty86RbCfNaKyrFFg==",
      "requires": {
        "confusing-browser-globals": "^1.0.5"
      }
    }
  }
}
